{
  "name": "project",
  "lockfileVersion": 3,
  "requires": true,
  "packages": {
    "": {
      "dependencies": {
        "gsap": "^3.12.7",
        "motion": "^12.4.2"
      }
    },
    "node_modules/framer-motion": {
      "version": "12.4.2",
      "resolved": "https://registry.npmjs.org/framer-motion/-/framer-motion-12.4.2.tgz",
      "integrity": "sha512-pW307cQKjDqEuO1flEoIFf6TkuJRfKr+c7qsHAJhDo4368N/5U8/7WU8J+xhd9+gjmOgJfgp+46evxRRFM39dA==",
      "license": "MIT",
      "dependencies": {
        "motion-dom": "^12.0.0",
        "motion-utils": "^12.0.0",
        "tslib": "^2.4.0"
      },
      "peerDependencies": {
        "@emotion/is-prop-valid": "*",
        "react": "^18.0.0 || ^19.0.0",
        "react-dom": "^18.0.0 || ^19.0.0"
      },
      "peerDependenciesMeta": {
        "@emotion/is-prop-valid": {
          "optional": true
        },
        "react": {
          "optional": true
        },
        "react-dom": {
          "optional": true
        }
      }
    },
    "node_modules/gsap": {
      "version": "3.12.7",
      "resolved": "https://registry.npmjs.org/gsap/-/gsap-3.12.7.tgz",
      "integrity": "sha512-V4GsyVamhmKefvcAKaoy0h6si0xX7ogwBoBSs2CTJwt7luW0oZzC0LhdkyuKV8PJAXr7Yaj8pMjCKD4GJ+eEMg==",
      "license": "Standard 'no charge' license: https://gsap.com/standard-license. Club GSAP members get more: https://gsap.com/licensing/. Why GreenSock doesn't employ an MIT license: https://gsap.com/why-license/"
    },
    "node_modules/motion": {
      "version": "12.4.2",
      "resolved": "https://registry.npmjs.org/motion/-/motion-12.4.2.tgz",
      "integrity": "sha512-NGocC1zic2hGDEasxS76W5/7JIJ5loKIxawkFoEqk7yTu8yXI+6l6IlEj9u8aPp6tM04DwvuiQcobpw9i0hhiw==",
      "license": "MIT",
      "dependencies": {
        "framer-motion": "^12.4.2",
        "tslib": "^2.4.0"
      },
      "peerDependencies": {
        "@emotion/is-prop-valid": "*",
        "react": "^18.0.0 || ^19.0.0",
        "react-dom": "^18.0.0 || ^19.0.0"
      },
      "peerDependenciesMeta": {
        "@emotion/is-prop-valid": {
          "optional": true
        },
        "react": {
          "optional": true
        },
        "react-dom": {
          "optional": true
        }
      }
    },
    "node_modules/motion-dom": {
      "version": "12.0.0",
      "resolved": "https://registry.npmjs.org/motion-dom/-/motion-dom-12.0.0.tgz",
      "integrity": "sha512-CvYd15OeIR6kHgMdonCc1ihsaUG4MYh/wrkz8gZ3hBX/uamyZCXN9S9qJoYF03GqfTt7thTV/dxnHYX4+55vDg==",
      "license": "MIT",
      "dependencies": {
        "motion-utils": "^12.0.0"
      }
    },
    "node_modules/motion-utils": {
      "version": "12.0.0",
      "resolved": "https://registry.npmjs.org/motion-utils/-/motion-utils-12.0.0.tgz",
      "integrity": "sha512-MNFiBKbbqnmvOjkPyOKgHUp3Q6oiokLkI1bEwm5QA28cxMZrv0CbbBGDNmhF6DIXsi1pCQBSs0dX8xjeER1tmA==",
      "license": "MIT"
    },
    "node_modules/tslib": {
      "version": "2.8.1",
      "resolved": "https://registry.npmjs.org/tslib/-/tslib-2.8.1.tgz",
      "integrity": "sha512-oJFu94HQb+KVduSUQL7wnpmqnfmLsOA/nAh6b6EH0wCEoK0/mPeXU6c3wKDV83MkOuHPRHtSXKKU99IBazS/2w==",
      "license": "0BSD"
    }
  }
}
